{
    "_readme": [
        "This file locks the dependencies of your project to a known state",
        "Read more about it at https://getcomposer.org/doc/01-basic-usage.md#installing-dependencies",
        "This file is @generated automatically"
    ],
    "content-hash": "0a6f1d87b9c24643797d8377677971c9",
    "packages": [
        {
            "name": "proximify/cli-actions",
            "version": "v1.0",
            "source": {
                "type": "git",
                "url": "https://github.com/Proximify/cli-actions.git",
                "reference": "456db860e7a4e5b8acb484cc9a12c3fbe61dde72"
            },
            "dist": {
                "type": "zip",
                "url": "https://api.github.com/repos/Proximify/cli-actions/zipball/456db860e7a4e5b8acb484cc9a12c3fbe61dde72",
                "reference": "456db860e7a4e5b8acb484cc9a12c3fbe61dde72",
                "shasum": ""
            },
            "require": {
                "php": ">=7.1.0"
            },
            "type": "library",
            "autoload": {
                "psr-4": {
                    "Proximify\\": "src"
                }
            },
            "notification-url": "https://packagist.org/downloads/",
            "license": [
                "MIT"
            ],
            "authors": [
                {
                    "name": "Proximify Inc",
                    "email": "support@proximify.ca"
                }
            ],
            "description": "Command-line interface (CLI) with custom actions and interactive prompts (e.g. composer app:action argument).",
            "time": "2020-10-12T02:26:12+00:00"
        }
    ],
    "packages-dev": [],
    "aliases": [],
    "minimum-stability": "stable",
    "stability-flags": [],
    "prefer-stable": false,
    "prefer-lowest": false,
    "platform": {
        "php": ">=7.1.0"
    },
    "platform-dev": []
}
